
Microsoft Visual Studio Solution File, Format Version 12.00
# Visual Studio Version 16
VisualStudioVersion = 16.0.31424.327
MinimumVisualStudioVersion = 10.0.40219.1
Project("{FAE04EC0-301F-11D3-BF4B-00C04F79EFBC}") = "Prometheus_API", "Prometheus_API\Prometheus_API.csproj", "{C67917FE-5811-4986-8B19-BC407999C8CF}"
EndProject
Project("{FAE04EC0-301F-11D3-BF4B-00C04F79EFBC}") = "Prometheus_MVC", "Prometheus_MVC\Prometheus_MVC.csproj", "{2DE70C61-CF89-4515-BB9E-9D41264871F4}"
EndProject
Global
	GlobalSection(SolutionConfigurationPlatforms) = preSolution
		Debug|Any CPU = Debug|Any CPU
		Release|Any CPU = Release|Any CPU
	EndGlobalSection
	GlobalSection(ProjectConfigurationPlatforms) = postSolution
		{C67917FE-5811-4986-8B19-BC407999C8CF}.Debug|Any CPU.ActiveCfg = Debug|Any CPU
		{C67917FE-5811-4986-8B19-BC407999C8CF}.Debug|Any CPU.Build.0 = Debug|Any CPU
		{C67917FE-5811-4986-8B19-BC407999C8CF}.Release|Any CPU.ActiveCfg = Release|Any CPU
		{C67917FE-5811-4986-8B19-BC407999C8CF}.Release|Any CPU.Build.0 = Release|Any CPU
		{2DE70C61-CF89-4515-BB9E-9D41264871F4}.Debug|Any CPU.ActiveCfg = Debug|Any CPU
		{2DE70C61-CF89-4515-BB9E-9D41264871F4}.Debug|Any CPU.Build.0 = Debug|Any CPU
		{2DE70C61-CF89-4515-BB9E-9D41264871F4}.Release|Any CPU.ActiveCfg = Release|Any CPU
		{2DE70C61-CF89-4515-BB9E-9D41264871F4}.Release|Any CPU.Build.0 = Release|Any CPU
	EndGlobalSection
	GlobalSection(SolutionProperties) = preSolution
		HideSolutionNode = FALSE
	EndGlobalSection
	GlobalSection(ExtensibilityGlobals) = postSolution
		SolutionGuid = {00E22BB7-5B4D-4203-B1A4-A6BB2964B4AC}
	EndGlobalSection
EndGlobal
